
Microsoft Visual Studio Solution File, Format Version 12.00
# Visual Studio Version 17
VisualStudioVersion = 17.8.34525.116
MinimumVisualStudioVersion = 10.0.40219.1
Project("{9A19103F-16F7-4668-BE54-9A1E7A4F7556}") = "ProjectItransition", "ProjectItransition\ProjectItransition.csproj", "{A6800B03-11D7-424D-8D58-82FE696E23EF}"
EndProject
Project("{FAE04EC0-301F-11D3-BF4B-00C04F79EFBC}") = "ItransitionMVC", "ItransitionMVC\ItransitionMVC.csproj", "{664FFA39-A069-4DD7-AC87-D9057EA58134}"
EndProject
Global
	GlobalSection(SolutionConfigurationPlatforms) = preSolution
		Debug|Any CPU = Debug|Any CPU
		Release|Any CPU = Release|Any CPU
	EndGlobalSection
	GlobalSection(ProjectConfigurationPlatforms) = postSolution
		{A6800B03-11D7-424D-8D58-82FE696E23EF}.Debug|Any CPU.ActiveCfg = Debug|Any CPU
		{A6800B03-11D7-424D-8D58-82FE696E23EF}.Debug|Any CPU.Build.0 = Debug|Any CPU
		{A6800B03-11D7-424D-8D58-82FE696E23EF}.Release|Any CPU.ActiveCfg = Release|Any CPU
		{A6800B03-11D7-424D-8D58-82FE696E23EF}.Release|Any CPU.Build.0 = Release|Any CPU
		{664FFA39-A069-4DD7-AC87-D9057EA58134}.Debug|Any CPU.ActiveCfg = Debug|Any CPU
		{664FFA39-A069-4DD7-AC87-D9057EA58134}.Debug|Any CPU.Build.0 = Debug|Any CPU
		{664FFA39-A069-4DD7-AC87-D9057EA58134}.Release|Any CPU.ActiveCfg = Release|Any CPU
		{664FFA39-A069-4DD7-AC87-D9057EA58134}.Release|Any CPU.Build.0 = Release|Any CPU
	EndGlobalSection
	GlobalSection(SolutionProperties) = preSolution
		HideSolutionNode = FALSE
	EndGlobalSection
	GlobalSection(ExtensibilityGlobals) = postSolution
		SolutionGuid = {E15DF1C9-5D44-4894-857E-EFDCA2E8F96F}
	EndGlobalSection
EndGlobal
